
Microsoft Visual Studio Solution File, Format Version 12.00
# Visual Studio Version 17
VisualStudioVersion = 17.4.33403.182
MinimumVisualStudioVersion = 10.0.40219.1
Project("{FAE04EC0-301F-11D3-BF4B-00C04F79EFBC}") = "GitCheckpoint1", "GitCheckpoint1\GitCheckpoint1.csproj", "{1B2A6591-AB7F-412A-AA81-550AE72BF82F}"
EndProject
Global
	GlobalSection(SolutionConfigurationPlatforms) = preSolution
		Debug|Any CPU = Debug|Any CPU
		Release|Any CPU = Release|Any CPU
	EndGlobalSection
	GlobalSection(ProjectConfigurationPlatforms) = postSolution
		{1B2A6591-AB7F-412A-AA81-550AE72BF82F}.Debug|Any CPU.ActiveCfg = Debug|Any CPU
		{1B2A6591-AB7F-412A-AA81-550AE72BF82F}.Debug|Any CPU.Build.0 = Debug|Any CPU
		{1B2A6591-AB7F-412A-AA81-550AE72BF82F}.Release|Any CPU.ActiveCfg = Release|Any CPU
		{1B2A6591-AB7F-412A-AA81-550AE72BF82F}.Release|Any CPU.Build.0 = Release|Any CPU
	EndGlobalSection
	GlobalSection(SolutionProperties) = preSolution
		HideSolutionNode = FALSE
	EndGlobalSection
	GlobalSection(ExtensibilityGlobals) = postSolution
		SolutionGuid = {0AD40F52-32EB-443B-AEBB-3DD56F730D28}
	EndGlobalSection
EndGlobal
